
Microsoft Visual Studio Solution File, Format Version 12.00
# Visual Studio Version 17
VisualStudioVersion = 17.2.32526.322
MinimumVisualStudioVersion = 10.0.40219.1
Project("{FAE04EC0-301F-11D3-BF4B-00C04F79EFBC}") = "Csharp7", "Csharp7\Csharp7.csproj", "{EBDC3451-8023-40D7-950F-6BD61E4F8336}"
EndProject
Global
	GlobalSection(SolutionConfigurationPlatforms) = preSolution
		Debug|Any CPU = Debug|Any CPU
		Release|Any CPU = Release|Any CPU
	EndGlobalSection
	GlobalSection(ProjectConfigurationPlatforms) = postSolution
		{EBDC3451-8023-40D7-950F-6BD61E4F8336}.Debug|Any CPU.ActiveCfg = Debug|Any CPU
		{EBDC3451-8023-40D7-950F-6BD61E4F8336}.Debug|Any CPU.Build.0 = Debug|Any CPU
		{EBDC3451-8023-40D7-950F-6BD61E4F8336}.Release|Any CPU.ActiveCfg = Release|Any CPU
		{EBDC3451-8023-40D7-950F-6BD61E4F8336}.Release|Any CPU.Build.0 = Release|Any CPU
	EndGlobalSection
	GlobalSection(SolutionProperties) = preSolution
		HideSolutionNode = FALSE
	EndGlobalSection
	GlobalSection(ExtensibilityGlobals) = postSolution
		SolutionGuid = {F80AE876-8CB2-45FF-A98F-0546B1BD37EB}
	EndGlobalSection
EndGlobal
